
Microsoft Visual Studio Solution File, Format Version 12.00
# Visual Studio Version 17
VisualStudioVersion = 17.1.32228.430
MinimumVisualStudioVersion = 10.0.40219.1
Project("{FAE04EC0-301F-11D3-BF4B-00C04F79EFBC}") = "TLSTest", "TLSTest.csproj", "{43BE3E70-9700-4803-970D-EA8CC8F2F89E}"
EndProject
Global
	GlobalSection(SolutionConfigurationPlatforms) = preSolution
		Debug|Any CPU = Debug|Any CPU
		Release|Any CPU = Release|Any CPU
	EndGlobalSection
	GlobalSection(ProjectConfigurationPlatforms) = postSolution
		{43BE3E70-9700-4803-970D-EA8CC8F2F89E}.Debug|Any CPU.ActiveCfg = Debug|Any CPU
		{43BE3E70-9700-4803-970D-EA8CC8F2F89E}.Debug|Any CPU.Build.0 = Debug|Any CPU
		{43BE3E70-9700-4803-970D-EA8CC8F2F89E}.Release|Any CPU.ActiveCfg = Release|Any CPU
		{43BE3E70-9700-4803-970D-EA8CC8F2F89E}.Release|Any CPU.Build.0 = Release|Any CPU
	EndGlobalSection
	GlobalSection(SolutionProperties) = preSolution
		HideSolutionNode = FALSE
	EndGlobalSection
	GlobalSection(ExtensibilityGlobals) = postSolution
		SolutionGuid = {8CA355AF-EF48-4BA1-ACA6-E39589B763E6}
	EndGlobalSection
EndGlobal
